{
    "_meta": {
        "hash": {
            "sha256": "94092c0e9ee27e5443fb8559e5a1d73d7897118efa1d91e395796a4c48bfd186"
        },
        "pipfile-spec": 6,
        "requires": {
            "python_version": "3.10"
        },
        "sources": [
            {
                "name": "pypi",
                "url": "https://pypi.org/simple",
                "verify_ssl": true
            }
        ]
    },
    "default": {},
    "develop": {}
}
